
Microsoft Visual Studio Solution File, Format Version 12.00
# Visual Studio Version 17
VisualStudioVersion = 17.0.31903.59
MinimumVisualStudioVersion = 10.0.40219.1
Project("{FAE04EC0-301F-11D3-BF4B-00C04F79EFBC}") = "Flow.Launcher.Plugin.IpMacAddress", "Flow.Launcher.Plugin.IpMacAddress\Flow.Launcher.Plugin.IpMacAddress.csproj", "{CE5782D6-872F-4F60-A48A-284E7F1A6D2F}"
EndProject
Global
	GlobalSection(SolutionConfigurationPlatforms) = preSolution
		Debug|Any CPU = Debug|Any CPU
		Release|Any CPU = Release|Any CPU
	EndGlobalSection
	GlobalSection(SolutionProperties) = preSolution
		HideSolutionNode = FALSE
	EndGlobalSection
	GlobalSection(ProjectConfigurationPlatforms) = postSolution
		{CE5782D6-872F-4F60-A48A-284E7F1A6D2F}.Debug|Any CPU.ActiveCfg = Debug|Any CPU
		{CE5782D6-872F-4F60-A48A-284E7F1A6D2F}.Debug|Any CPU.Build.0 = Debug|Any CPU
		{CE5782D6-872F-4F60-A48A-284E7F1A6D2F}.Release|Any CPU.ActiveCfg = Release|Any CPU
		{CE5782D6-872F-4F60-A48A-284E7F1A6D2F}.Release|Any CPU.Build.0 = Release|Any CPU
	EndGlobalSection
EndGlobal
